{
    "_readme": [
        "This file locks the dependencies of your project to a known state",
        "Read more about it at https://getcomposer.org/doc/01-basic-usage.md#installing-dependencies",
        "This file is @generated automatically"
    ],
    "content-hash": "d4e58a3a56213f06064180b6cf1b9112",
    "packages": [
        {
            "name": "kanata-php/socket-conveyor",
            "version": "1.1.0",
            "source": {
                "type": "git",
                "url": "https://github.com/kanata-php/socket-conveyor.git",
                "reference": "ef594323b75ec8515073102b9dc92989d24a05fe"
            },
            "dist": {
                "type": "zip",
                "url": "https://api.github.com/repos/kanata-php/socket-conveyor/zipball/ef594323b75ec8515073102b9dc92989d24a05fe",
                "reference": "ef594323b75ec8515073102b9dc92989d24a05fe",
                "shasum": ""
            },
            "require": {
                "league/pipeline": "^1.0",
                "php": "^8.0"
            },
            "require-dev": {
                "codedungeon/phpunit-result-printer": "^0.30.0",
                "mockery/mockery": "^1.4",
                "phpunit/phpunit": "^9.2",
                "symfony/var-dumper": "^5.1"
            },
            "bin": [
                "start-ws-server"
            ],
            "type": "library",
            "autoload": {
                "psr-4": {
                    "Tests\\": "tests",
                    "Conveyor\\": "src/"
                }
            },
            "notification-url": "https://packagist.org/downloads/",
            "license": [
                "MIT"
            ],
            "description": "A WebSocket/Socket message Router",
            "support": {
                "issues": "https://github.com/kanata-php/socket-conveyor/issues",
                "source": "https://github.com/kanata-php/socket-conveyor/tree/1.1.0"
            },
            "funding": [
                {
                    "url": "https://github.com/kanata-php",
                    "type": "github"
                }
            ],
            "time": "2022-02-13T21:13:55+00:00"
        },
        {
            "name": "league/pipeline",
            "version": "1.0.0",
            "source": {
                "type": "git",
                "url": "https://github.com/thephpleague/pipeline.git",
                "reference": "aa14b0e3133121f8be39e9a3b6ddd011fc5bb9a8"
            },
            "dist": {
                "type": "zip",
                "url": "https://api.github.com/repos/thephpleague/pipeline/zipball/aa14b0e3133121f8be39e9a3b6ddd011fc5bb9a8",
                "reference": "aa14b0e3133121f8be39e9a3b6ddd011fc5bb9a8",
                "shasum": ""
            },
            "require": {
                "php": ">=7.1"
            },
            "require-dev": {
                "leanphp/phpspec-code-coverage": "^4.2",
                "phpspec/phpspec": "^4.3"
            },
            "type": "library",
            "autoload": {
                "psr-4": {
                    "League\\Pipeline\\": "src"
                }
            },
            "notification-url": "https://packagist.org/downloads/",
            "license": [
                "MIT"
            ],
            "authors": [
                {
                    "name": "Frank de Jonge",
                    "email": "info@frenky.net",
                    "role": "Author"
                },
                {
                    "name": "Woody Gilk",
                    "email": "woody.gilk@gmail.com",
                    "role": "Maintainer"
                }
            ],
            "description": "A plug and play pipeline implementation.",
            "keywords": [
                "composition",
                "design pattern",
                "pattern",
                "pipeline",
                "sequential"
            ],
            "support": {
                "issues": "https://github.com/thephpleague/pipeline/issues",
                "source": "https://github.com/thephpleague/pipeline/tree/master"
            },
            "time": "2018-06-05T21:06:51+00:00"
        }
    ],
    "packages-dev": [],
    "aliases": [],
    "minimum-stability": "stable",
    "stability-flags": [],
    "prefer-stable": false,
    "prefer-lowest": false,
    "platform": [],
    "platform-dev": [],
    "plugin-api-version": "2.1.0"
}
