{
    "_readme": [
        "This file locks the dependencies of your project to a known state",
        "Read more about it at https://getcomposer.org/doc/01-basic-usage.md#installing-dependencies",
        "This file is @generated automatically"
    ],
    "content-hash": "de9f0d426f9cb9f2f52743a442827c7c",
    "packages": [
        {
            "name": "league/pipeline",
            "version": "1.0.0",
            "source": {
                "type": "git",
                "url": "https://github.com/thephpleague/pipeline.git",
                "reference": "aa14b0e3133121f8be39e9a3b6ddd011fc5bb9a8"
            },
            "dist": {
                "type": "zip",
                "url": "https://api.github.com/repos/thephpleague/pipeline/zipball/aa14b0e3133121f8be39e9a3b6ddd011fc5bb9a8",
                "reference": "aa14b0e3133121f8be39e9a3b6ddd011fc5bb9a8",
                "shasum": ""
            },
            "require": {
                "php": ">=7.1"
            },
            "require-dev": {
                "leanphp/phpspec-code-coverage": "^4.2",
                "phpspec/phpspec": "^4.3"
            },
            "type": "library",
            "autoload": {
                "psr-4": {
                    "League\\Pipeline\\": "src"
                }
            },
            "notification-url": "https://packagist.org/downloads/",
            "license": [
                "MIT"
            ],
            "authors": [
                {
                    "name": "Frank de Jonge",
                    "email": "info@frenky.net",
                    "role": "Author"
                },
                {
                    "name": "Woody Gilk",
                    "email": "woody.gilk@gmail.com",
                    "role": "Maintainer"
                }
            ],
            "description": "A plug and play pipeline implementation.",
            "keywords": [
                "composition",
                "design pattern",
                "pattern",
                "pipeline",
                "sequential"
            ],
            "support": {
                "issues": "https://github.com/thephpleague/pipeline/issues",
                "source": "https://github.com/thephpleague/pipeline/tree/master"
            },
            "time": "2018-06-05T21:06:51+00:00"
        },
        {
            "name": "wordstree/socket-conveyor",
            "version": "0.2.4",
            "source": {
                "type": "git",
                "url": "https://github.com/WordsTree/socket-conveyor.git",
                "reference": "0252a6f7edb4f4129636da55b4b5cf4b696ddf22"
            },
            "dist": {
                "type": "zip",
                "url": "https://api.github.com/repos/WordsTree/socket-conveyor/zipball/0252a6f7edb4f4129636da55b4b5cf4b696ddf22",
                "reference": "0252a6f7edb4f4129636da55b4b5cf4b696ddf22",
                "shasum": ""
            },
            "require": {
                "league/pipeline": "^1.0"
            },
            "require-dev": {
                "codedungeon/phpunit-result-printer": "^0.30.0",
                "mockery/mockery": "^1.4",
                "phpunit/phpunit": "^9.2",
                "symfony/var-dumper": "^5.1"
            },
            "type": "library",
            "autoload": {
                "psr-4": {
                    "Conveyor\\": "src/",
                    "Tests\\": "tests"
                }
            },
            "notification-url": "https://packagist.org/downloads/",
            "license": [
                "Apache-2.0"
            ],
            "authors": [
                {
                    "name": "Savio Resende",
                    "email": "savio@savioresende.com.br"
                }
            ],
            "description": "A WebSocket/Socket message Router",
            "support": {
                "issues": "https://github.com/WordsTree/socket-conveyor/issues",
                "source": "https://github.com/WordsTree/socket-conveyor/tree/0.2.4"
            },
            "time": "2021-02-28T20:57:44+00:00"
        }
    ],
    "packages-dev": [],
    "aliases": [],
    "minimum-stability": "stable",
    "stability-flags": [],
    "prefer-stable": false,
    "prefer-lowest": false,
    "platform": [],
    "platform-dev": [],
    "plugin-api-version": "2.0.0"
}
